
Microsoft Visual Studio Solution File, Format Version 12.00
# Visual Studio Version 16
VisualStudioVersion = 16.0.31005.135
MinimumVisualStudioVersion = 10.0.40219.1
Project("{FAE04EC0-301F-11D3-BF4B-00C04F79EFBC}") = "LightYearsToKiloMeters", "LightYearsToKiloMeters\LightYearsToKiloMeters.csproj", "{467143FE-D221-4BDC-9CF2-9704E09D8C40}"
EndProject
Global
	GlobalSection(SolutionConfigurationPlatforms) = preSolution
		Debug|Any CPU = Debug|Any CPU
		Release|Any CPU = Release|Any CPU
	EndGlobalSection
	GlobalSection(ProjectConfigurationPlatforms) = postSolution
		{467143FE-D221-4BDC-9CF2-9704E09D8C40}.Debug|Any CPU.ActiveCfg = Debug|Any CPU
		{467143FE-D221-4BDC-9CF2-9704E09D8C40}.Debug|Any CPU.Build.0 = Debug|Any CPU
		{467143FE-D221-4BDC-9CF2-9704E09D8C40}.Release|Any CPU.ActiveCfg = Release|Any CPU
		{467143FE-D221-4BDC-9CF2-9704E09D8C40}.Release|Any CPU.Build.0 = Release|Any CPU
	EndGlobalSection
	GlobalSection(SolutionProperties) = preSolution
		HideSolutionNode = FALSE
	EndGlobalSection
	GlobalSection(ExtensibilityGlobals) = postSolution
		SolutionGuid = {F3AD7E2A-A954-44BD-80BB-98F6D654CB79}
	EndGlobalSection
EndGlobal
